
Microsoft Visual Studio Solution File, Format Version 12.00
# Visual Studio Version 17
VisualStudioVersion = 17.9.34723.18
MinimumVisualStudioVersion = 10.0.40219.1
Project("{FAE04EC0-301F-11D3-BF4B-00C04F79EFBC}") = "GenerateConfigMapAndCronJobYAML", "GenerateConfigMapAndCronJobYAML\GenerateConfigMapAndCronJobYAML.csproj", "{58C27832-8E1D-42DE-A392-69EA2EE4E8E8}"
EndProject
Global
	GlobalSection(SolutionConfigurationPlatforms) = preSolution
		Debug|Any CPU = Debug|Any CPU
		Release|Any CPU = Release|Any CPU
	EndGlobalSection
	GlobalSection(ProjectConfigurationPlatforms) = postSolution
		{58C27832-8E1D-42DE-A392-69EA2EE4E8E8}.Debug|Any CPU.ActiveCfg = Debug|Any CPU
		{58C27832-8E1D-42DE-A392-69EA2EE4E8E8}.Debug|Any CPU.Build.0 = Debug|Any CPU
		{58C27832-8E1D-42DE-A392-69EA2EE4E8E8}.Release|Any CPU.ActiveCfg = Release|Any CPU
		{58C27832-8E1D-42DE-A392-69EA2EE4E8E8}.Release|Any CPU.Build.0 = Release|Any CPU
	EndGlobalSection
	GlobalSection(SolutionProperties) = preSolution
		HideSolutionNode = FALSE
	EndGlobalSection
	GlobalSection(ExtensibilityGlobals) = postSolution
		SolutionGuid = {7CE8CA9A-BCF8-4783-8C7B-80E64AB893AB}
	EndGlobalSection
EndGlobal
